{
  "name": "tradelayer.js",
  "lockfileVersion": 2,
  "requires": true,
  "packages": {
    "": {
      "dependencies": {
        "bigint-base-converter": "^0.1.3"
      }
    },
    "node_modules/bigint-base-converter": {
      "version": "0.1.3",
      "resolved": "https://registry.npmjs.org/bigint-base-converter/-/bigint-base-converter-0.1.3.tgz",
      "integrity": "sha512-siRhz8+gBYtjl31L+2wMbaGhwT4knbG6Zs/CykV9M7HM2bsF+lXuYEeY4czrjvF1fvHgFqPdH05aj+nOcOxheg=="
    }
  },
  "dependencies": {
    "bigint-base-converter": {
      "version": "0.1.3",
      "resolved": "https://registry.npmjs.org/bigint-base-converter/-/bigint-base-converter-0.1.3.tgz",
      "integrity": "sha512-siRhz8+gBYtjl31L+2wMbaGhwT4knbG6Zs/CykV9M7HM2bsF+lXuYEeY4czrjvF1fvHgFqPdH05aj+nOcOxheg=="
    }
  }
}
